
Microsoft Visual Studio Solution File, Format Version 12.00
# Visual Studio Version 17
VisualStudioVersion = 17.0.31903.59
MinimumVisualStudioVersion = 10.0.40219.1
Project("{2150E333-8FDC-42A3-9474-1A3956D46DE8}") = "src", "src", "{827E0CD3-B72D-47B6-A68D-7590B98EB39B}"
EndProject
Project("{2150E333-8FDC-42A3-9474-1A3956D46DE8}") = "Domain", "Domain", "{8B290487-4C16-E85E-E807-F579CBE9FC4D}"
EndProject
Project("{FAE04EC0-301F-11D3-BF4B-00C04F79EFBC}") = "OnlineShop.Domain", "src\Domain\OnlineShop.Domain.csproj", "{11590F57-4B3B-4DD6-AA5C-471BB1CAEC18}"
EndProject
Project("{2150E333-8FDC-42A3-9474-1A3956D46DE8}") = "Application", "Application", "{22BAF98C-8415-17C4-B26A-D537657BC863}"
EndProject
Project("{FAE04EC0-301F-11D3-BF4B-00C04F79EFBC}") = "OnlineShop.Application", "src\Application\OnlineShop.Application.csproj", "{17F8FA0C-EC12-425B-AEFE-FAB11B0B0712}"
EndProject
Project("{2150E333-8FDC-42A3-9474-1A3956D46DE8}") = "Infrastructure", "Infrastructure", "{9048EB7F-3875-A59E-E36B-5BD4C6F2A282}"
EndProject
Project("{FAE04EC0-301F-11D3-BF4B-00C04F79EFBC}") = "OnlineShop.Infrastructure", "src\Infrastructure\OnlineShop.Infrastructure.csproj", "{13BA3CC6-FFAF-4DF4-8461-1D68BCE66E10}"
EndProject
Project("{2150E333-8FDC-42A3-9474-1A3956D46DE8}") = "WebAPI", "WebAPI", "{953D89DF-FDD2-4C1A-6A43-6326114B13B5}"
EndProject
Project("{FAE04EC0-301F-11D3-BF4B-00C04F79EFBC}") = "OnlineShop.WebAPI", "src\WebAPI\OnlineShop.WebAPI.csproj", "{BCB53899-6575-4384-9341-655AAE429CD6}"
EndProject
Project("{2150E333-8FDC-42A3-9474-1A3956D46DE8}") = "tests", "tests", "{0AB3BF05-4346-4AA6-1389-037BE0695223}"
EndProject
Project("{FAE04EC0-301F-11D3-BF4B-00C04F79EFBC}") = "OnlineShop.Tests", "tests\OnlineShop.Tests\OnlineShop.Tests.csproj", "{1F86D683-D52F-4DB9-81C7-CB8DF07A5641}"
EndProject
Global
	GlobalSection(SolutionConfigurationPlatforms) = preSolution
		Debug|Any CPU = Debug|Any CPU
		Debug|x64 = Debug|x64
		Debug|x86 = Debug|x86
		Release|Any CPU = Release|Any CPU
		Release|x64 = Release|x64
		Release|x86 = Release|x86
	EndGlobalSection
	GlobalSection(ProjectConfigurationPlatforms) = postSolution
		{11590F57-4B3B-4DD6-AA5C-471BB1CAEC18}.Debug|Any CPU.ActiveCfg = Debug|Any CPU
		{11590F57-4B3B-4DD6-AA5C-471BB1CAEC18}.Debug|Any CPU.Build.0 = Debug|Any CPU
		{11590F57-4B3B-4DD6-AA5C-471BB1CAEC18}.Debug|x64.ActiveCfg = Debug|Any CPU
		{11590F57-4B3B-4DD6-AA5C-471BB1CAEC18}.Debug|x64.Build.0 = Debug|Any CPU
		{11590F57-4B3B-4DD6-AA5C-471BB1CAEC18}.Debug|x86.ActiveCfg = Debug|Any CPU
		{11590F57-4B3B-4DD6-AA5C-471BB1CAEC18}.Debug|x86.Build.0 = Debug|Any CPU
		{11590F57-4B3B-4DD6-AA5C-471BB1CAEC18}.Release|Any CPU.ActiveCfg = Release|Any CPU
		{11590F57-4B3B-4DD6-AA5C-471BB1CAEC18}.Release|Any CPU.Build.0 = Release|Any CPU
		{11590F57-4B3B-4DD6-AA5C-471BB1CAEC18}.Release|x64.ActiveCfg = Release|Any CPU
		{11590F57-4B3B-4DD6-AA5C-471BB1CAEC18}.Release|x64.Build.0 = Release|Any CPU
		{11590F57-4B3B-4DD6-AA5C-471BB1CAEC18}.Release|x86.ActiveCfg = Release|Any CPU
		{11590F57-4B3B-4DD6-AA5C-471BB1CAEC18}.Release|x86.Build.0 = Release|Any CPU
		{17F8FA0C-EC12-425B-AEFE-FAB11B0B0712}.Debug|Any CPU.ActiveCfg = Debug|Any CPU
		{17F8FA0C-EC12-425B-AEFE-FAB11B0B0712}.Debug|Any CPU.Build.0 = Debug|Any CPU
		{17F8FA0C-EC12-425B-AEFE-FAB11B0B0712}.Debug|x64.ActiveCfg = Debug|Any CPU
		{17F8FA0C-EC12-425B-AEFE-FAB11B0B0712}.Debug|x64.Build.0 = Debug|Any CPU
		{17F8FA0C-EC12-425B-AEFE-FAB11B0B0712}.Debug|x86.ActiveCfg = Debug|Any CPU
		{17F8FA0C-EC12-425B-AEFE-FAB11B0B0712}.Debug|x86.Build.0 = Debug|Any CPU
		{17F8FA0C-EC12-425B-AEFE-FAB11B0B0712}.Release|Any CPU.ActiveCfg = Release|Any CPU
		{17F8FA0C-EC12-425B-AEFE-FAB11B0B0712}.Release|Any CPU.Build.0 = Release|Any CPU
		{17F8FA0C-EC12-425B-AEFE-FAB11B0B0712}.Release|x64.ActiveCfg = Release|Any CPU
		{17F8FA0C-EC12-425B-AEFE-FAB11B0B0712}.Release|x64.Build.0 = Release|Any CPU
		{17F8FA0C-EC12-425B-AEFE-FAB11B0B0712}.Release|x86.ActiveCfg = Release|Any CPU
		{17F8FA0C-EC12-425B-AEFE-FAB11B0B0712}.Release|x86.Build.0 = Release|Any CPU
		{13BA3CC6-FFAF-4DF4-8461-1D68BCE66E10}.Debug|Any CPU.ActiveCfg = Debug|Any CPU
		{13BA3CC6-FFAF-4DF4-8461-1D68BCE66E10}.Debug|Any CPU.Build.0 = Debug|Any CPU
		{13BA3CC6-FFAF-4DF4-8461-1D68BCE66E10}.Debug|x64.ActiveCfg = Debug|Any CPU
		{13BA3CC6-FFAF-4DF4-8461-1D68BCE66E10}.Debug|x64.Build.0 = Debug|Any CPU
		{13BA3CC6-FFAF-4DF4-8461-1D68BCE66E10}.Debug|x86.ActiveCfg = Debug|Any CPU
		{13BA3CC6-FFAF-4DF4-8461-1D68BCE66E10}.Debug|x86.Build.0 = Debug|Any CPU
		{13BA3CC6-FFAF-4DF4-8461-1D68BCE66E10}.Release|Any CPU.ActiveCfg = Release|Any CPU
		{13BA3CC6-FFAF-4DF4-8461-1D68BCE66E10}.Release|Any CPU.Build.0 = Release|Any CPU
		{13BA3CC6-FFAF-4DF4-8461-1D68BCE66E10}.Release|x64.ActiveCfg = Release|Any CPU
		{13BA3CC6-FFAF-4DF4-8461-1D68BCE66E10}.Release|x64.Build.0 = Release|Any CPU
		{13BA3CC6-FFAF-4DF4-8461-1D68BCE66E10}.Release|x86.ActiveCfg = Release|Any CPU
		{13BA3CC6-FFAF-4DF4-8461-1D68BCE66E10}.Release|x86.Build.0 = Release|Any CPU
		{BCB53899-6575-4384-9341-655AAE429CD6}.Debug|Any CPU.ActiveCfg = Debug|Any CPU
		{BCB53899-6575-4384-9341-655AAE429CD6}.Debug|Any CPU.Build.0 = Debug|Any CPU
		{BCB53899-6575-4384-9341-655AAE429CD6}.Debug|x64.ActiveCfg = Debug|Any CPU
		{BCB53899-6575-4384-9341-655AAE429CD6}.Debug|x64.Build.0 = Debug|Any CPU
		{BCB53899-6575-4384-9341-655AAE429CD6}.Debug|x86.ActiveCfg = Debug|Any CPU
		{BCB53899-6575-4384-9341-655AAE429CD6}.Debug|x86.Build.0 = Debug|Any CPU
		{BCB53899-6575-4384-9341-655AAE429CD6}.Release|Any CPU.ActiveCfg = Release|Any CPU
		{BCB53899-6575-4384-9341-655AAE429CD6}.Release|Any CPU.Build.0 = Release|Any CPU
		{BCB53899-6575-4384-9341-655AAE429CD6}.Release|x64.ActiveCfg = Release|Any CPU
		{BCB53899-6575-4384-9341-655AAE429CD6}.Release|x64.Build.0 = Release|Any CPU
		{BCB53899-6575-4384-9341-655AAE429CD6}.Release|x86.ActiveCfg = Release|Any CPU
		{BCB53899-6575-4384-9341-655AAE429CD6}.Release|x86.Build.0 = Release|Any CPU
		{1F86D683-D52F-4DB9-81C7-CB8DF07A5641}.Debug|Any CPU.ActiveCfg = Debug|Any CPU
		{1F86D683-D52F-4DB9-81C7-CB8DF07A5641}.Debug|Any CPU.Build.0 = Debug|Any CPU
		{1F86D683-D52F-4DB9-81C7-CB8DF07A5641}.Debug|x64.ActiveCfg = Debug|Any CPU
		{1F86D683-D52F-4DB9-81C7-CB8DF07A5641}.Debug|x64.Build.0 = Debug|Any CPU
		{1F86D683-D52F-4DB9-81C7-CB8DF07A5641}.Debug|x86.ActiveCfg = Debug|Any CPU
		{1F86D683-D52F-4DB9-81C7-CB8DF07A5641}.Debug|x86.Build.0 = Debug|Any CPU
		{1F86D683-D52F-4DB9-81C7-CB8DF07A5641}.Release|Any CPU.ActiveCfg = Release|Any CPU
		{1F86D683-D52F-4DB9-81C7-CB8DF07A5641}.Release|Any CPU.Build.0 = Release|Any CPU
		{1F86D683-D52F-4DB9-81C7-CB8DF07A5641}.Release|x64.ActiveCfg = Release|Any CPU
		{1F86D683-D52F-4DB9-81C7-CB8DF07A5641}.Release|x64.Build.0 = Release|Any CPU
		{1F86D683-D52F-4DB9-81C7-CB8DF07A5641}.Release|x86.ActiveCfg = Release|Any CPU
		{1F86D683-D52F-4DB9-81C7-CB8DF07A5641}.Release|x86.Build.0 = Release|Any CPU
	EndGlobalSection
	GlobalSection(SolutionProperties) = preSolution
		HideSolutionNode = FALSE
	EndGlobalSection
	GlobalSection(NestedProjects) = preSolution
		{8B290487-4C16-E85E-E807-F579CBE9FC4D} = {827E0CD3-B72D-47B6-A68D-7590B98EB39B}
		{11590F57-4B3B-4DD6-AA5C-471BB1CAEC18} = {8B290487-4C16-E85E-E807-F579CBE9FC4D}
		{22BAF98C-8415-17C4-B26A-D537657BC863} = {827E0CD3-B72D-47B6-A68D-7590B98EB39B}
		{17F8FA0C-EC12-425B-AEFE-FAB11B0B0712} = {22BAF98C-8415-17C4-B26A-D537657BC863}
		{9048EB7F-3875-A59E-E36B-5BD4C6F2A282} = {827E0CD3-B72D-47B6-A68D-7590B98EB39B}
		{13BA3CC6-FFAF-4DF4-8461-1D68BCE66E10} = {9048EB7F-3875-A59E-E36B-5BD4C6F2A282}
		{953D89DF-FDD2-4C1A-6A43-6326114B13B5} = {827E0CD3-B72D-47B6-A68D-7590B98EB39B}
		{BCB53899-6575-4384-9341-655AAE429CD6} = {953D89DF-FDD2-4C1A-6A43-6326114B13B5}
		{1F86D683-D52F-4DB9-81C7-CB8DF07A5641} = {0AB3BF05-4346-4AA6-1389-037BE0695223}
	EndGlobalSection
EndGlobal
